
Microsoft Visual Studio Solution File, Format Version 12.00
# Visual Studio 14
VisualStudioVersion = 14.0.25420.1
MinimumVisualStudioVersion = 10.0.40219.1
Project("{FAE04EC0-301F-11D3-BF4B-00C04F79EFBC}") = "OperativosNumerales", "OperativosNumerales\OperativosNumerales.csproj", "{441BCEFA-2E9F-4BD6-AA77-042BB7CF2C50}"
EndProject
Global
	GlobalSection(SolutionConfigurationPlatforms) = preSolution
		Debug|Any CPU = Debug|Any CPU
		Release|Any CPU = Release|Any CPU
	EndGlobalSection
	GlobalSection(ProjectConfigurationPlatforms) = postSolution
		{441BCEFA-2E9F-4BD6-AA77-042BB7CF2C50}.Debug|Any CPU.ActiveCfg = Debug|Any CPU
		{441BCEFA-2E9F-4BD6-AA77-042BB7CF2C50}.Debug|Any CPU.Build.0 = Debug|Any CPU
		{441BCEFA-2E9F-4BD6-AA77-042BB7CF2C50}.Release|Any CPU.ActiveCfg = Release|Any CPU
		{441BCEFA-2E9F-4BD6-AA77-042BB7CF2C50}.Release|Any CPU.Build.0 = Release|Any CPU
	EndGlobalSection
	GlobalSection(SolutionProperties) = preSolution
		HideSolutionNode = FALSE
	EndGlobalSection
EndGlobal
